{
  "name": "attendance_tracking",
  "version": "1.0.0",
  "lockfileVersion": 1,
  "requires": true,
  "dependencies": {
    "body-parser": {
      "version": "1.17.2",
      "resolved": "https://registry.npmjs.org/body-parser/-/body-parser-1.17.2.tgz",
      "integrity": "sha1-+IkqvI+eYn1Crtr7yma/WrmRBO4="
    },
    "cookie-session": {
      "version": "2.0.0-beta.2",
      "resolved": "https://registry.npmjs.org/cookie-session/-/cookie-session-2.0.0-beta.2.tgz",
      "integrity": "sha1-kbIBID/y7biXv9snGdraeEpI+xs=",
      "dependencies": {
        "debug": {
          "version": "2.6.8",
          "resolved": "https://registry.npmjs.org/debug/-/debug-2.6.8.tgz",
          "integrity": "sha1-5zFTHKLt4n0YgiJCfaF4IdaP9Pw="
        }
      }
    },
    "ejs": {
      "version": "2.5.6",
      "resolved": "https://registry.npmjs.org/ejs/-/ejs-2.5.6.tgz",
      "integrity": "sha1-R5Y2v6P+Ox3r1SCH8KyyBLTxnIg="
    },
    "express": {
      "version": "4.15.3",
      "resolved": "https://registry.npmjs.org/express/-/express-4.15.3.tgz",
      "integrity": "sha1-urZdDwOqgMNYQIly/HAPkWlEtmI="
    },
    "mongoose": {
      "version": "4.10.5",
      "resolved": "https://registry.npmjs.org/mongoose/-/mongoose-4.10.5.tgz",
      "integrity": "sha1-fNUO441QV4Feg5YuOYX33Z2naa0="
    },
    "qs": {
      "version": "6.4.1",
      "resolved": "https://registry.npmjs.org/qs/-/qs-6.4.1.tgz",
      "integrity": "sha512-LQy1Q1fcva/UsnP/6Iaa4lVeM49WiOitu2T4hZCyA/elLKu37L99qcBJk4VCCk+rdLvnMzfKyiN3SZTqdAZGSQ=="
    }
  }
}
